
Microsoft Visual Studio Solution File, Format Version 12.00
# Visual Studio Version 17
VisualStudioVersion = 17.1.32210.238
MinimumVisualStudioVersion = 10.0.40219.1
Project("{9A19103F-16F7-4668-BE54-9A1E7A4F7556}") = "Cab_Invoice_Generator", "Cab_Invoice_Generator.csproj", "{1B821F85-0DF5-4F2A-A936-75FC9A934D53}"
EndProject
Project("{9A19103F-16F7-4668-BE54-9A1E7A4F7556}") = "CabTest", "..\CabTest\CabTest.csproj", "{F73885F0-44C5-4780-844B-83374054CDE4}"
EndProject
Global
	GlobalSection(SolutionConfigurationPlatforms) = preSolution
		Debug|Any CPU = Debug|Any CPU
		Release|Any CPU = Release|Any CPU
	EndGlobalSection
	GlobalSection(ProjectConfigurationPlatforms) = postSolution
		{1B821F85-0DF5-4F2A-A936-75FC9A934D53}.Debug|Any CPU.ActiveCfg = Debug|Any CPU
		{1B821F85-0DF5-4F2A-A936-75FC9A934D53}.Debug|Any CPU.Build.0 = Debug|Any CPU
		{1B821F85-0DF5-4F2A-A936-75FC9A934D53}.Release|Any CPU.ActiveCfg = Release|Any CPU
		{1B821F85-0DF5-4F2A-A936-75FC9A934D53}.Release|Any CPU.Build.0 = Release|Any CPU
		{F73885F0-44C5-4780-844B-83374054CDE4}.Debug|Any CPU.ActiveCfg = Debug|Any CPU
		{F73885F0-44C5-4780-844B-83374054CDE4}.Debug|Any CPU.Build.0 = Debug|Any CPU
		{F73885F0-44C5-4780-844B-83374054CDE4}.Release|Any CPU.ActiveCfg = Release|Any CPU
		{F73885F0-44C5-4780-844B-83374054CDE4}.Release|Any CPU.Build.0 = Release|Any CPU
	EndGlobalSection
	GlobalSection(SolutionProperties) = preSolution
		HideSolutionNode = FALSE
	EndGlobalSection
	GlobalSection(ExtensibilityGlobals) = postSolution
		SolutionGuid = {0576B65C-5816-41E5-BCCE-5C1EC2C1B14E}
	EndGlobalSection
EndGlobal
