
Microsoft Visual Studio Solution File, Format Version 12.00
# Visual Studio Version 17
VisualStudioVersion = 17.1.32210.238
MinimumVisualStudioVersion = 10.0.40219.1
Project("{FAE04EC0-301F-11D3-BF4B-00C04F79EFBC}") = "Cab_Invoice_Generator", "Cab_Invoice_Generator.csproj", "{1B821F85-0DF5-4F2A-A936-75FC9A934D53}"
EndProject
Project("{FAE04EC0-301F-11D3-BF4B-00C04F79EFBC}") = "CabTest", "..\CabTest\CabTest.csproj", "{B82D19B3-A031-4AD8-BBAA-F51812C71D87}"
EndProject
Global
	GlobalSection(SolutionConfigurationPlatforms) = preSolution
		Debug|Any CPU = Debug|Any CPU
		Release|Any CPU = Release|Any CPU
	EndGlobalSection
	GlobalSection(ProjectConfigurationPlatforms) = postSolution
		{1B821F85-0DF5-4F2A-A936-75FC9A934D53}.Debug|Any CPU.ActiveCfg = Debug|Any CPU
		{1B821F85-0DF5-4F2A-A936-75FC9A934D53}.Debug|Any CPU.Build.0 = Debug|Any CPU
		{1B821F85-0DF5-4F2A-A936-75FC9A934D53}.Release|Any CPU.ActiveCfg = Release|Any CPU
		{1B821F85-0DF5-4F2A-A936-75FC9A934D53}.Release|Any CPU.Build.0 = Release|Any CPU
		{B82D19B3-A031-4AD8-BBAA-F51812C71D87}.Debug|Any CPU.ActiveCfg = Debug|Any CPU
		{B82D19B3-A031-4AD8-BBAA-F51812C71D87}.Debug|Any CPU.Build.0 = Debug|Any CPU
		{B82D19B3-A031-4AD8-BBAA-F51812C71D87}.Release|Any CPU.ActiveCfg = Release|Any CPU
		{B82D19B3-A031-4AD8-BBAA-F51812C71D87}.Release|Any CPU.Build.0 = Release|Any CPU
	EndGlobalSection
	GlobalSection(SolutionProperties) = preSolution
		HideSolutionNode = FALSE
	EndGlobalSection
	GlobalSection(ExtensibilityGlobals) = postSolution
		SolutionGuid = {0576B65C-5816-41E5-BCCE-5C1EC2C1B14E}
	EndGlobalSection
EndGlobal
